{
  "version": "2",
  "remote": {
    "https://deno.land/std@0.190.0/fmt/colors.ts": "d67e3cd9f472535241a8e410d33423980bec45047e343577554d3356e1f0ef4e",
    "https://deno.land/std@0.190.0/testing/_diff.ts": "1a3c044aedf77647d6cac86b798c6417603361b66b54c53331b312caeb447aea",
    "https://deno.land/std@0.190.0/testing/_format.ts": "a69126e8a469009adf4cf2a50af889aca364c349797e63174884a52ff75cf4c7",
    "https://deno.land/std@0.190.0/testing/_test_suite.ts": "30f018feeb3835f12ab198d8a518f9089b1bcb2e8c838a8b615ab10d5005465c",
    "https://deno.land/std@0.190.0/testing/asserts.ts": "e16d98b4d73ffc4ed498d717307a12500ae4f2cbe668f1a215632d19fcffc22f",
    "https://deno.land/std@0.190.0/testing/bdd.ts": "59f7f7503066d66a12e50ace81bfffae5b735b6be1208f5684b630ae6b4de1d0",
    "https://deno.land/std@0.190.0/testing/mock.ts": "220ed9b8151cb2cac141043d4cfea7c47673fab5d18d1c1f0943297c8afb5d13",
    "https://deno.land/std@0.190.0/testing/types.ts": "6832887bea73ee3549dda953a8df41f8bfa8790219ab56a3b94b984a71a3b3e9",
    "https://deno.land/x/isx@1.4.0/is_array.ts": "3f80dd8908c8ca0956b700c5c41b09e93814d12cc6d3a8e5d7b66c1981ce03a3",
    "https://deno.land/x/isx@1.4.0/is_function.ts": "2342e0c44b472f3f39af892049ca28ce63141e3bab9d436da42e3714ddcbd9e3",
    "https://deno.land/x/isx@1.4.0/is_iterable.ts": "1b40711736a8f107853ad3a340e6a5a414fa632f601ca4b981e8973cb8e43247",
    "https://deno.land/x/isx@1.4.0/is_null.ts": "02b30255073843d001e715a04382f1d6aebd77ed5506ffbb44bf77b9e20ebf7d",
    "https://deno.land/x/isx@1.4.0/is_number.ts": "27899cf8c67f304a2d0b635c0787d5197d7a5315525e7b98176b389139b5695a",
    "https://deno.land/x/isx@1.4.0/is_object.ts": "46b8d6733ab860beca23533acab82996dc0e7cad0b6da5582e746af1a17c5f58",
    "https://deno.land/x/isx@1.4.0/is_reg_exp.ts": "5dedcadfec09d899be13b336defbd3375956d48c5775972fbf57db9d857a8fa6",
    "https://deno.land/x/isx@1.4.0/is_string.ts": "268254eab5f8dbc09ee879eb53675813cdc5350207dde436d457cb34462cc857",
    "https://deno.land/x/iterange@1.0.0/deps.ts": "6a82dbbb4f2f289267cbc130e251f1d74039318296f102ec3ac849917f271cfa",
    "https://deno.land/x/iterange@1.0.0/mod.ts": "581390279e7fe7d5fc2e8d1509081b030a9354616ba3db593145a7c5613d062a",
    "https://deno.land/x/iterange@1.0.0/range.ts": "c1e7046c40f88e421a81a174dfe99e67a93896e6a152b5929efa53d17ffd3040",
    "https://deno.land/x/seqtools@1.0.0/head.ts": "24474d054fa59370018915e4913105042a68a4d516a20d678c5584570f8f7080",
    "https://deno.land/x/seqtools@1.0.0/init.ts": "b05f3b5c23bb7c325b5c95113619798eb6db8887d191b23eb8e9fbe75071e7fe",
    "https://deno.land/x/seqtools@1.0.0/init_last.ts": "07f1db99c5c4f591962be88941e6e1a0e6a2f270d8d6c74f822c0db391bc23c7",
    "https://deno.land/x/seqtools@1.0.0/last.ts": "ddcb15157cc7ee22faacc1806ae43db53e9d644ee55330d92f599e4e188bafeb",
    "https://deno.land/x/seqtools@1.0.0/types.ts": "ba3dc8198262da4486c4ba8aef1852a42e819002aadde949c69e7cc9886b9842",
    "https://deno.land/x/upsert@1.2.0/class.ts": "8dec320c723404492299d1f79c582a01f401d6e131133b0d577f2d0ae61330a1",
    "https://deno.land/x/upsert@1.2.0/emplace.ts": "ab37efe3d179feff2a430eb27d9bedc93a55357a9f5a79f8fdb1870b99ef7e7e",
    "https://deno.land/x/upsert@1.2.0/mixin.ts": "6805b1c510729d7d3be9e2dee91184ab93a42d87df0175c1b3e6a3450f2ba9f3",
    "https://deno.land/x/upsert@1.2.0/mod.ts": "d324c1508623a787a9214a59b5ff27db2ad88b7b5d8ccba4447459c02c7990f1",
    "https://esm.sh/itertools@2.1.1": "88aeec98228dcb96e04e34a78dfe8dceaf775f2abf41cb7142368bf3cc8a3d18",
    "https://esm.sh/itertools@2.1.1?pin=v126": "88aeec98228dcb96e04e34a78dfe8dceaf775f2abf41cb7142368bf3cc8a3d18",
    "https://esm.sh/v126/itertools@2.1.1/denonext/itertools.mjs": "4c047b7ef231b19f208914dff100edd4c354ffaf9cf85249914793314ff192e2",
    "https://esm.sh/v126/itertools@2.1.1/dist/index.d.mts": "ce8f124006f24319e954f89d2ca57e2372ce3b8e0edb16d9aa4a3481663b44f9"
  },
  "npm": {
    "specifiers": {
      "itertools@2.1.1": "itertools@2.1.1"
    },
    "packages": {
      "itertools@2.1.1": {
        "integrity": "sha512-T0icRZBQfWSwhdeBvJT3Sg1m3lBOv1RCD2m+vnY7F12sIInidVDLIn5Fbu1/1gAMN8XIjzkDP48ukF7mTRn/fw==",
        "dependencies": {}
      }
    }
  }
}
